
Microsoft Visual Studio Solution File, Format Version 12.00
# Visual Studio 2012
Project("{FAE04EC0-301F-11D3-BF4B-00C04F79EFBC}") = "WhoBrokeIt", "WhoBrokeIt\WhoBrokeIt.csproj", "{497BD353-6708-4C6F-9C9D-25EB7C52DFDB}"
EndProject
Project("{FAE04EC0-301F-11D3-BF4B-00C04F79EFBC}") = "WhoBrokeIt.iOS", "iOS\WhoBrokeIt.iOS.csproj", "{35E06596-5479-444D-81DD-B171DA493A12}"
EndProject
Project("{FAE04EC0-301F-11D3-BF4B-00C04F79EFBC}") = "WhoBrokeIt.Droid", "Droid\WhoBrokeIt.Droid.csproj", "{0806E96C-10CE-4EB4-BEED-1845B2510104}"
EndProject
Global
	GlobalSection(SolutionConfigurationPlatforms) = preSolution
		Debug|Any CPU = Debug|Any CPU
		Release|Any CPU = Release|Any CPU
		Debug|iPhoneSimulator = Debug|iPhoneSimulator
		Release|iPhone = Release|iPhone
		Release|iPhoneSimulator = Release|iPhoneSimulator
		Debug|iPhone = Debug|iPhone
	EndGlobalSection
	GlobalSection(ProjectConfigurationPlatforms) = postSolution
		{497BD353-6708-4C6F-9C9D-25EB7C52DFDB}.Debug|Any CPU.ActiveCfg = Debug|Any CPU
		{497BD353-6708-4C6F-9C9D-25EB7C52DFDB}.Debug|Any CPU.Build.0 = Debug|Any CPU
		{497BD353-6708-4C6F-9C9D-25EB7C52DFDB}.Release|Any CPU.ActiveCfg = Release|Any CPU
		{497BD353-6708-4C6F-9C9D-25EB7C52DFDB}.Release|Any CPU.Build.0 = Release|Any CPU
		{497BD353-6708-4C6F-9C9D-25EB7C52DFDB}.Debug|iPhoneSimulator.ActiveCfg = Debug|Any CPU
		{497BD353-6708-4C6F-9C9D-25EB7C52DFDB}.Debug|iPhoneSimulator.Build.0 = Debug|Any CPU
		{497BD353-6708-4C6F-9C9D-25EB7C52DFDB}.Release|iPhone.ActiveCfg = Release|Any CPU
		{497BD353-6708-4C6F-9C9D-25EB7C52DFDB}.Release|iPhone.Build.0 = Release|Any CPU
		{497BD353-6708-4C6F-9C9D-25EB7C52DFDB}.Release|iPhoneSimulator.ActiveCfg = Release|Any CPU
		{497BD353-6708-4C6F-9C9D-25EB7C52DFDB}.Release|iPhoneSimulator.Build.0 = Release|Any CPU
		{497BD353-6708-4C6F-9C9D-25EB7C52DFDB}.Debug|iPhone.ActiveCfg = Debug|Any CPU
		{497BD353-6708-4C6F-9C9D-25EB7C52DFDB}.Debug|iPhone.Build.0 = Debug|Any CPU
		{35E06596-5479-444D-81DD-B171DA493A12}.Debug|Any CPU.ActiveCfg = Debug|iPhoneSimulator
		{35E06596-5479-444D-81DD-B171DA493A12}.Debug|Any CPU.Build.0 = Debug|iPhoneSimulator
		{35E06596-5479-444D-81DD-B171DA493A12}.Release|Any CPU.ActiveCfg = Release|iPhone
		{35E06596-5479-444D-81DD-B171DA493A12}.Release|Any CPU.Build.0 = Release|iPhone
		{35E06596-5479-444D-81DD-B171DA493A12}.Debug|iPhoneSimulator.ActiveCfg = Debug|iPhoneSimulator
		{35E06596-5479-444D-81DD-B171DA493A12}.Debug|iPhoneSimulator.Build.0 = Debug|iPhoneSimulator
		{35E06596-5479-444D-81DD-B171DA493A12}.Release|iPhone.ActiveCfg = Release|iPhone
		{35E06596-5479-444D-81DD-B171DA493A12}.Release|iPhone.Build.0 = Release|iPhone
		{35E06596-5479-444D-81DD-B171DA493A12}.Release|iPhoneSimulator.ActiveCfg = Release|iPhoneSimulator
		{35E06596-5479-444D-81DD-B171DA493A12}.Release|iPhoneSimulator.Build.0 = Release|iPhoneSimulator
		{35E06596-5479-444D-81DD-B171DA493A12}.Debug|iPhone.ActiveCfg = Debug|iPhone
		{35E06596-5479-444D-81DD-B171DA493A12}.Debug|iPhone.Build.0 = Debug|iPhone
		{0806E96C-10CE-4EB4-BEED-1845B2510104}.Debug|Any CPU.ActiveCfg = Debug|Any CPU
		{0806E96C-10CE-4EB4-BEED-1845B2510104}.Debug|Any CPU.Build.0 = Debug|Any CPU
		{0806E96C-10CE-4EB4-BEED-1845B2510104}.Release|Any CPU.ActiveCfg = Release|Any CPU
		{0806E96C-10CE-4EB4-BEED-1845B2510104}.Release|Any CPU.Build.0 = Release|Any CPU
		{0806E96C-10CE-4EB4-BEED-1845B2510104}.Debug|iPhoneSimulator.ActiveCfg = Debug|Any CPU
		{0806E96C-10CE-4EB4-BEED-1845B2510104}.Debug|iPhoneSimulator.Build.0 = Debug|Any CPU
		{0806E96C-10CE-4EB4-BEED-1845B2510104}.Release|iPhone.ActiveCfg = Release|Any CPU
		{0806E96C-10CE-4EB4-BEED-1845B2510104}.Release|iPhone.Build.0 = Release|Any CPU
		{0806E96C-10CE-4EB4-BEED-1845B2510104}.Release|iPhoneSimulator.ActiveCfg = Release|Any CPU
		{0806E96C-10CE-4EB4-BEED-1845B2510104}.Release|iPhoneSimulator.Build.0 = Release|Any CPU
		{0806E96C-10CE-4EB4-BEED-1845B2510104}.Debug|iPhone.ActiveCfg = Debug|Any CPU
		{0806E96C-10CE-4EB4-BEED-1845B2510104}.Debug|iPhone.Build.0 = Debug|Any CPU
	EndGlobalSection
EndGlobal
